
Microsoft Visual Studio Solution File, Format Version 12.00
# Visual Studio Version 16
VisualStudioVersion = 16.0.29324.140
MinimumVisualStudioVersion = 10.0.40219.1
Project("{FAE04EC0-301F-11D3-BF4B-00C04F79EFBC}") = "PA6Group", "PA6Group\PA6Group.csproj", "{9444368B-93AA-4E09-859C-FD3D83881343}"
EndProject
Global
	GlobalSection(SolutionConfigurationPlatforms) = preSolution
		Debug|Any CPU = Debug|Any CPU
		Release|Any CPU = Release|Any CPU
	EndGlobalSection
	GlobalSection(ProjectConfigurationPlatforms) = postSolution
		{9444368B-93AA-4E09-859C-FD3D83881343}.Debug|Any CPU.ActiveCfg = Debug|Any CPU
		{9444368B-93AA-4E09-859C-FD3D83881343}.Debug|Any CPU.Build.0 = Debug|Any CPU
		{9444368B-93AA-4E09-859C-FD3D83881343}.Release|Any CPU.ActiveCfg = Release|Any CPU
		{9444368B-93AA-4E09-859C-FD3D83881343}.Release|Any CPU.Build.0 = Release|Any CPU
	EndGlobalSection
	GlobalSection(SolutionProperties) = preSolution
		HideSolutionNode = FALSE
	EndGlobalSection
	GlobalSection(ExtensibilityGlobals) = postSolution
		SolutionGuid = {E15C22ED-8AE4-4390-AE29-CF39F7D489FC}
	EndGlobalSection
EndGlobal
